{
  "originHash" : "ff9698b23ffb5f555ac30e382b27105238155a3c69f755f55a602da843aaa9cc",
  "pins" : [
    {
      "identity" : "expose",
      "kind" : "remoteSourceControl",
      "location" : "https://github.com/mandooplz/expose.git",
      "state" : {
        "revision" : "e5f419a19da2b98e72ffe4ff75db2b707c31f8a4",
        "version" : "0.1.2"
      }
    },
    {
      "identity" : "rxcombine",
      "kind" : "remoteSourceControl",
      "location" : "https://github.com/CombineCommunity/RxCombine.git",
      "state" : {
        "revision" : "19474c2ac9fde613bba8513bf98990e1aa9831cd",
        "version" : "2.0.1"
      }
    },
    {
      "identity" : "rxswift",
      "kind" : "remoteSourceControl",
      "location" : "https://github.com/ReactiveX/RxSwift.git",
      "state" : {
        "revision" : "132aea4f236ccadc51590b38af0357a331d51fa2",
        "version" : "6.10.2"
      }
    },
    {
      "identity" : "swift-syntax",
      "kind" : "remoteSourceControl",
      "location" : "https://github.com/swiftlang/swift-syntax.git",
      "state" : {
        "revision" : "4799286537280063c85a32f09884cfbca301b1a1",
        "version" : "602.0.0"
      }
    }
  ],
  "version" : 3
}
