{
  "originHash" : "f70bb189e302c8fc74ccb939f4bbe80e6d988584145d1779a4cf9dc56ac266b4",
  "pins" : [
    {
      "identity" : "expose",
      "kind" : "remoteSourceControl",
      "location" : "https://github.com/mandooplz/expose.git",
      "state" : {
        "revision" : "e5f419a19da2b98e72ffe4ff75db2b707c31f8a4",
        "version" : "0.1.2"
      }
    },
    {
      "identity" : "rxcombine",
      "kind" : "remoteSourceControl",
      "location" : "https://github.com/CombineCommunity/RxCombine.git",
      "state" : {
        "revision" : "19474c2ac9fde613bba8513bf98990e1aa9831cd",
        "version" : "2.0.1"
      }
    },
    {
      "identity" : "rxswift",
      "kind" : "remoteSourceControl",
      "location" : "https://github.com/ReactiveX/RxSwift.git",
      "state" : {
        "revision" : "5734ad2b6d7d4c0656df3d09ca4ce54fa3c09913",
        "version" : "6.10.1"
      }
    },
    {
      "identity" : "swift-syntax",
      "kind" : "remoteSourceControl",
      "location" : "https://github.com/swiftlang/swift-syntax.git",
      "state" : {
        "revision" : "4799286537280063c85a32f09884cfbca301b1a1",
        "version" : "602.0.0"
      }
    }
  ],
  "version" : 3
}
